Microsoft Visual Studio Solution File, Format Version 7.00
Project("{8BC9CEB8-8B4A-11D0-8D11-00A0C91BC942}") = "hpt", "..\hpt\make\hpt.vcproj", "{18B5038B-9EF7-45B7-853B-612F589EE448}"
EndProject
Project("{8BC9CEB8-8B4A-11D0-8D11-00A0C91BC942}") = "htick", "..\htick\htick.vcproj", "{13D2CCA9-2259-4D15-B58F-1A0ABA40B653}"
EndProject
Project("{8BC9CEB8-8B4A-11D0-8D11-00A0C91BC942}") = "HuskylibDll", "..\huskylib\make\HuskylibDll.vcproj", "{DAB109A0-41C3-49A6-93D6-A895FD1109E5}"
EndProject
Project("{8BC9CEB8-8B4A-11D0-8D11-00A0C91BC942}") = "SmapiDll", "..\smapi\make\SmapiDll.vcproj", "{DAB109A0-41C3-49A6-93D6-A895FD1109E6}"
EndProject
Project("{8BC9CEB8-8B4A-11D0-8D11-00A0C91BC942}") = "sqpack", "..\sqpack\sqpack.vcproj", "{E1190407-2246-4B4B-A2F9-B2E20DE1F0D4}"
EndProject
Project("{8BC9CEB8-8B4A-11D0-8D11-00A0C91BC942}") = "nlupdate", "..\nltools\make\nlupdate.vcproj", "{18B5038B-9EF7-45B7-853B-612F589EE448}"
EndProject
Project("{8BC9CEB8-8B4A-11D0-8D11-00A0C91BC942}") = "nldiff", "..\nltools\make\nldiff.vcproj", "{18B5038B-9EF7-45B7-853B-612F589EE448}"
EndProject
Project("{8BC9CEB8-8B4A-11D0-8D11-00A0C91BC942}") = "tparser", "..\fidoconf\make\tparser.vcproj", "{18B5038B-9EF7-45B7-853B-612F589EE448}"
EndProject
Project("{8BC9CEB8-8B4A-11D0-8D11-00A0C91BC942}") = "linked", "..\fidoconf\make\linked.vcproj", "{18B5038B-9EF7-45B7-853B-612F589EE448}"
EndProject
Project("{8BC9CEB8-8B4A-11D0-8D11-00A0C91BC942}") = "HptzipDll", "..\hptzip\make\hptzipDll.vcproj", "{DAB109A0-41C3-49A6-93D6-A895FD1109E9}"
EndProject
Project("{8BC9CEB8-8B4A-11D0-8D11-00A0C91BC942}") = "htickz", "..\htick\htickWithZlib.vcproj", "{13D2CCA9-2259-4D15-B58F-1A0ABA40B654}"
EndProject
Project("{8BC9CEB8-8B4A-11D0-8D11-00A0C91BC942}") = "hptz", "..\hpt\make\hptz.vcproj", "{18B5038B-9EF7-45B7-853B-612F589EE448}"
EndProject
Project("{8BC9CEB8-8B4A-11D0-8D11-00A0C91BC942}") = "FidoconfDll", "..\fidoconf\make\FidoconfDll.vcproj", "{DAB109A0-41C3-49A6-93D6-A895FD1109E7}"
EndProject
Project("{8BC9CEB8-8B4A-11D0-8D11-00A0C91BC942}") = "hpucode", "..\hpucode\make\hpucode.vcproj", "{E1190407-2246-4B4B-A2F9-B2E20DE1F0D4}"
EndProject
Project("{8BC9CEB8-8B4A-11D0-8D11-00A0C91BC942}") = "hptkill", "..\hptkill\make\hptkill.vcproj", "{E1190407-2246-4B4B-A2F9-B2E20DE1F0D4}"
EndProject
Project("{8BC9CEB8-8B4A-11D0-8D11-00A0C91BC942}") = "txt2pkt", "..\hpt\make\txt2pkt.vcproj", "{18B5038B-9EF7-45B7-853B-612F589EE448}"
EndProject
Global
	GlobalSection(SolutionConfiguration) = preSolution
		ConfigName.0 = Debug
		ConfigName.1 = Release
	EndGlobalSection
	GlobalSection(ProjectDependencies) = postSolution
		{18B5038B-9EF7-45B7-853B-612F589EE448}.0 = {DAB109A0-41C3-49A6-93D6-A895FD1109E7}
		{18B5038B-9EF7-45B7-853B-612F589EE448}.1 = {DAB109A0-41C3-49A6-93D6-A895FD1109E6}
		{13D2CCA9-2259-4D15-B58F-1A0ABA40B653}.0 = {DAB109A0-41C3-49A6-93D6-A895FD1109E6}
		{DAB109A0-41C3-49A6-93D6-A895FD1109E6}.0 = {DAB109A0-41C3-49A6-93D6-A895FD1109E5}
		{E1190407-2246-4B4B-A2F9-B2E20DE1F0D4}.0 = {DAB109A0-41C3-49A6-93D6-A895FD1109E6}
		{18B5038B-9EF7-45B7-853B-612F589EE448}.0 = {DAB109A0-41C3-49A6-93D6-A895FD1109E7}
		{18B5038B-9EF7-45B7-853B-612F589EE448}.1 = {DAB109A0-41C3-49A6-93D6-A895FD1109E6}
		{18B5038B-9EF7-45B7-853B-612F589EE448}.0 = {DAB109A0-41C3-49A6-93D6-A895FD1109E7}
		{18B5038B-9EF7-45B7-853B-612F589EE448}.1 = {DAB109A0-41C3-49A6-93D6-A895FD1109E6}
		{18B5038B-9EF7-45B7-853B-612F589EE448}.0 = {DAB109A0-41C3-49A6-93D6-A895FD1109E7}
		{18B5038B-9EF7-45B7-853B-612F589EE448}.1 = {DAB109A0-41C3-49A6-93D6-A895FD1109E6}
		{18B5038B-9EF7-45B7-853B-612F589EE448}.0 = {DAB109A0-41C3-49A6-93D6-A895FD1109E7}
		{18B5038B-9EF7-45B7-853B-612F589EE448}.1 = {DAB109A0-41C3-49A6-93D6-A895FD1109E6}
		{13D2CCA9-2259-4D15-B58F-1A0ABA40B654}.0 = {DAB109A0-41C3-49A6-93D6-A895FD1109E6}
		{13D2CCA9-2259-4D15-B58F-1A0ABA40B654}.1 = {DAB109A0-41C3-49A6-93D6-A895FD1109E9}
		{18B5038B-9EF7-45B7-853B-612F589EE448}.0 = {DAB109A0-41C3-49A6-93D6-A895FD1109E7}
		{18B5038B-9EF7-45B7-853B-612F589EE448}.1 = {DAB109A0-41C3-49A6-93D6-A895FD1109E6}
		{E1190407-2246-4B4B-A2F9-B2E20DE1F0D4}.0 = {DAB109A0-41C3-49A6-93D6-A895FD1109E6}
		{E1190407-2246-4B4B-A2F9-B2E20DE1F0D4}.0 = {DAB109A0-41C3-49A6-93D6-A895FD1109E6}
		{18B5038B-9EF7-45B7-853B-612F589EE448}.0 = {DAB109A0-41C3-49A6-93D6-A895FD1109E7}
	EndGlobalSection
	GlobalSection(ProjectConfiguration) = postSolution
		{18B5038B-9EF7-45B7-853B-612F589EE448}.Debug.ActiveCfg = Debug|Win32
		{18B5038B-9EF7-45B7-853B-612F589EE448}.Debug.Build.0 = Debug|Win32
		{18B5038B-9EF7-45B7-853B-612F589EE448}.Release.ActiveCfg = Release|Win32
		{18B5038B-9EF7-45B7-853B-612F589EE448}.Release.Build.0 = Release|Win32
		{13D2CCA9-2259-4D15-B58F-1A0ABA40B653}.Debug.ActiveCfg = Debug|Win32
		{13D2CCA9-2259-4D15-B58F-1A0ABA40B653}.Debug.Build.0 = Debug|Win32
		{13D2CCA9-2259-4D15-B58F-1A0ABA40B653}.Release.ActiveCfg = Release|Win32
		{13D2CCA9-2259-4D15-B58F-1A0ABA40B653}.Release.Build.0 = Release|Win32
		{DAB109A0-41C3-49A6-93D6-A895FD1109E5}.Debug.ActiveCfg = Debug|Win32
		{DAB109A0-41C3-49A6-93D6-A895FD1109E5}.Debug.Build.0 = Debug|Win32
		{DAB109A0-41C3-49A6-93D6-A895FD1109E5}.Release.ActiveCfg = Release|Win32
		{DAB109A0-41C3-49A6-93D6-A895FD1109E5}.Release.Build.0 = Release|Win32
		{DAB109A0-41C3-49A6-93D6-A895FD1109E6}.Debug.ActiveCfg = Debug|Win32
		{DAB109A0-41C3-49A6-93D6-A895FD1109E6}.Debug.Build.0 = Debug|Win32
		{DAB109A0-41C3-49A6-93D6-A895FD1109E6}.Release.ActiveCfg = Release|Win32
		{DAB109A0-41C3-49A6-93D6-A895FD1109E6}.Release.Build.0 = Release|Win32
		{E1190407-2246-4B4B-A2F9-B2E20DE1F0D4}.Debug.ActiveCfg = Debug|Win32
		{E1190407-2246-4B4B-A2F9-B2E20DE1F0D4}.Debug.Build.0 = Debug|Win32
		{E1190407-2246-4B4B-A2F9-B2E20DE1F0D4}.Release.ActiveCfg = Release|Win32
		{E1190407-2246-4B4B-A2F9-B2E20DE1F0D4}.Release.Build.0 = Release|Win32
		{18B5038B-9EF7-45B7-853B-612F589EE448}.Debug.ActiveCfg = Debug|Win32
		{18B5038B-9EF7-45B7-853B-612F589EE448}.Debug.Build.0 = Debug|Win32
		{18B5038B-9EF7-45B7-853B-612F589EE448}.Release.ActiveCfg = Release|Win32
		{18B5038B-9EF7-45B7-853B-612F589EE448}.Release.Build.0 = Release|Win32
		{18B5038B-9EF7-45B7-853B-612F589EE448}.Debug.ActiveCfg = Debug|Win32
		{18B5038B-9EF7-45B7-853B-612F589EE448}.Debug.Build.0 = Debug|Win32
		{18B5038B-9EF7-45B7-853B-612F589EE448}.Release.ActiveCfg = Release|Win32
		{18B5038B-9EF7-45B7-853B-612F589EE448}.Release.Build.0 = Release|Win32
		{18B5038B-9EF7-45B7-853B-612F589EE448}.Debug.ActiveCfg = Debug|Win32
		{18B5038B-9EF7-45B7-853B-612F589EE448}.Debug.Build.0 = Debug|Win32
		{18B5038B-9EF7-45B7-853B-612F589EE448}.Release.ActiveCfg = Release|Win32
		{18B5038B-9EF7-45B7-853B-612F589EE448}.Release.Build.0 = Release|Win32
		{18B5038B-9EF7-45B7-853B-612F589EE448}.Debug.ActiveCfg = Debug|Win32
		{18B5038B-9EF7-45B7-853B-612F589EE448}.Debug.Build.0 = Debug|Win32
		{18B5038B-9EF7-45B7-853B-612F589EE448}.Release.ActiveCfg = Release|Win32
		{18B5038B-9EF7-45B7-853B-612F589EE448}.Release.Build.0 = Release|Win32
		{DAB109A0-41C3-49A6-93D6-A895FD1109E9}.Debug.ActiveCfg = Debug|Win32
		{DAB109A0-41C3-49A6-93D6-A895FD1109E9}.Debug.Build.0 = Debug|Win32
		{DAB109A0-41C3-49A6-93D6-A895FD1109E9}.Release.ActiveCfg = Release|Win32
		{DAB109A0-41C3-49A6-93D6-A895FD1109E9}.Release.Build.0 = Release|Win32
		{13D2CCA9-2259-4D15-B58F-1A0ABA40B654}.Debug.ActiveCfg = Debug|Win32
		{13D2CCA9-2259-4D15-B58F-1A0ABA40B654}.Debug.Build.0 = Debug|Win32
		{13D2CCA9-2259-4D15-B58F-1A0ABA40B654}.Release.ActiveCfg = Release|Win32
		{13D2CCA9-2259-4D15-B58F-1A0ABA40B654}.Release.Build.0 = Release|Win32
		{18B5038B-9EF7-45B7-853B-612F589EE448}.Debug.ActiveCfg = Debug|Win32
		{18B5038B-9EF7-45B7-853B-612F589EE448}.Debug.Build.0 = Debug|Win32
		{18B5038B-9EF7-45B7-853B-612F589EE448}.Release.ActiveCfg = Release|Win32
		{18B5038B-9EF7-45B7-853B-612F589EE448}.Release.Build.0 = Release|Win32
		{DAB109A0-41C3-49A6-93D6-A895FD1109E7}.Debug.ActiveCfg = Debug|Win32
		{DAB109A0-41C3-49A6-93D6-A895FD1109E7}.Debug.Build.0 = Debug|Win32
		{DAB109A0-41C3-49A6-93D6-A895FD1109E7}.Release.ActiveCfg = Release|Win32
		{DAB109A0-41C3-49A6-93D6-A895FD1109E7}.Release.Build.0 = Release|Win32
		{E1190407-2246-4B4B-A2F9-B2E20DE1F0D4}.Debug.ActiveCfg = Debug|Win32
		{E1190407-2246-4B4B-A2F9-B2E20DE1F0D4}.Debug.Build.0 = Debug|Win32
		{E1190407-2246-4B4B-A2F9-B2E20DE1F0D4}.Release.ActiveCfg = Release|Win32
		{E1190407-2246-4B4B-A2F9-B2E20DE1F0D4}.Release.Build.0 = Release|Win32
		{E1190407-2246-4B4B-A2F9-B2E20DE1F0D4}.Debug.ActiveCfg = Debug|Win32
		{E1190407-2246-4B4B-A2F9-B2E20DE1F0D4}.Debug.Build.0 = Debug|Win32
		{E1190407-2246-4B4B-A2F9-B2E20DE1F0D4}.Release.ActiveCfg = Release|Win32
		{E1190407-2246-4B4B-A2F9-B2E20DE1F0D4}.Release.Build.0 = Release|Win32
		{18B5038B-9EF7-45B7-853B-612F589EE448}.Debug.ActiveCfg = Debug|Win32
		{18B5038B-9EF7-45B7-853B-612F589EE448}.Debug.Build.0 = Debug|Win32
		{18B5038B-9EF7-45B7-853B-612F589EE448}.Release.ActiveCfg = Release|Win32
		{18B5038B-9EF7-45B7-853B-612F589EE448}.Release.Build.0 = Release|Win32
	EndGlobalSection
	GlobalSection(ExtensibilityGlobals) = postSolution
	EndGlobalSection
	GlobalSection(ExtensibilityAddIns) = postSolution
	EndGlobalSection
EndGlobal
