
Microsoft Visual Studio Solution File, Format Version 10.00
# Visual Studio 2008
Project("{8BC9CEB8-8B4A-11D0-8D11-00A0C91BC942}") = "AreafixDll", "..\areafix\make\AreafixDll.90.vcproj", "{DAB109A0-41C3-49A6-93D6-A895FD1109F9}"
	ProjectSection(ProjectDependencies) = postProject
		{DAB109A0-41C3-49A6-93D6-A895FD1109E5} = {DAB109A0-41C3-49A6-93D6-A895FD1109E5}
		{DAB109A0-41C3-49A6-93D6-A895FD1109E6} = {DAB109A0-41C3-49A6-93D6-A895FD1109E6}
		{DAB109A0-41C3-49A6-93D6-A895FD1109E7} = {DAB109A0-41C3-49A6-93D6-A895FD1109E7}
	EndProjectSection
EndProject
Project("{8BC9CEB8-8B4A-11D0-8D11-00A0C91BC942}") = "FidoconfDll", "..\fidoconf\make\FidoconfDll.90.vcproj", "{DAB109A0-41C3-49A6-93D6-A895FD1109E7}"
	ProjectSection(ProjectDependencies) = postProject
		{DAB109A0-41C3-49A6-93D6-A895FD1109E5} = {DAB109A0-41C3-49A6-93D6-A895FD1109E5}
	EndProjectSection
EndProject
Project("{8BC9CEB8-8B4A-11D0-8D11-00A0C91BC942}") = "linked", "..\fidoconf\make\linked.90.vcproj", "{18B5038B-9EF7-45B7-853B-612F589EE448}"
	ProjectSection(ProjectDependencies) = postProject
		{DAB109A0-41C3-49A6-93D6-A895FD1109E5} = {DAB109A0-41C3-49A6-93D6-A895FD1109E5}
		{DAB109A0-41C3-49A6-93D6-A895FD1109E7} = {DAB109A0-41C3-49A6-93D6-A895FD1109E7}
	EndProjectSection
EndProject
Project("{8BC9CEB8-8B4A-11D0-8D11-00A0C91BC942}") = "tparser", "..\fidoconf\make\tparser.90.vcproj", "{64FC5F94-F885-4B5A-ACCF-FFCFDF95FC8E}"
	ProjectSection(ProjectDependencies) = postProject
		{DAB109A0-41C3-49A6-93D6-A895FD1109E5} = {DAB109A0-41C3-49A6-93D6-A895FD1109E5}
		{DAB109A0-41C3-49A6-93D6-A895FD1109E7} = {DAB109A0-41C3-49A6-93D6-A895FD1109E7}
	EndProjectSection
EndProject
Project("{8BC9CEB8-8B4A-11D0-8D11-00A0C91BC942}") = "HuskylibDll", "..\huskylib\make\HuskylibDll.90.vcproj", "{DAB109A0-41C3-49A6-93D6-A895FD1109E5}"
EndProject
Project("{8BC9CEB8-8B4A-11D0-8D11-00A0C91BC942}") = "SmapiDll", "..\smapi\make\SmapiDll.90.vcproj", "{DAB109A0-41C3-49A6-93D6-A895FD1109E6}"
	ProjectSection(ProjectDependencies) = postProject
		{DAB109A0-41C3-49A6-93D6-A895FD1109E5} = {DAB109A0-41C3-49A6-93D6-A895FD1109E5}
	EndProjectSection
EndProject
Project("{8BC9CEB8-8B4A-11D0-8D11-00A0C91BC942}") = "hpt", "..\hpt\make\hpt.90.vcproj", "{0BE355C5-A738-4531-A110-987DB0AFF543}"
	ProjectSection(ProjectDependencies) = postProject
		{DAB109A0-41C3-49A6-93D6-A895FD1109E5} = {DAB109A0-41C3-49A6-93D6-A895FD1109E5}
		{DAB109A0-41C3-49A6-93D6-A895FD1109E6} = {DAB109A0-41C3-49A6-93D6-A895FD1109E6}
		{DAB109A0-41C3-49A6-93D6-A895FD1109E7} = {DAB109A0-41C3-49A6-93D6-A895FD1109E7}
		{DAB109A0-41C3-49A6-93D6-A895FD1109F9} = {DAB109A0-41C3-49A6-93D6-A895FD1109F9}
	EndProjectSection
EndProject
Project("{8BC9CEB8-8B4A-11D0-8D11-00A0C91BC942}") = "hptlink", "..\hpt\make\hptlink.90.vcproj", "{18B5038B-9EF7-45B7-853B-612F589EE458}"
	ProjectSection(ProjectDependencies) = postProject
		{DAB109A0-41C3-49A6-93D6-A895FD1109E5} = {DAB109A0-41C3-49A6-93D6-A895FD1109E5}
		{DAB109A0-41C3-49A6-93D6-A895FD1109E6} = {DAB109A0-41C3-49A6-93D6-A895FD1109E6}
		{DAB109A0-41C3-49A6-93D6-A895FD1109E7} = {DAB109A0-41C3-49A6-93D6-A895FD1109E7}
	EndProjectSection
EndProject
Project("{8BC9CEB8-8B4A-11D0-8D11-00A0C91BC942}") = "txt2pkt", "..\hpt\make\txt2pkt.90.vcproj", "{F44AFCFA-9F76-4B2C-9460-5CBB098BBCDC}"
	ProjectSection(ProjectDependencies) = postProject
		{DAB109A0-41C3-49A6-93D6-A895FD1109E5} = {DAB109A0-41C3-49A6-93D6-A895FD1109E5}
		{DAB109A0-41C3-49A6-93D6-A895FD1109E7} = {DAB109A0-41C3-49A6-93D6-A895FD1109E7}
	EndProjectSection
EndProject
Project("{8BC9CEB8-8B4A-11D0-8D11-00A0C91BC942}") = "areastat", "..\areastat\make\areastat.90.vcproj", "{E1190407-2246-4B4B-A2F9-B2E20DE1F0F4}"
	ProjectSection(ProjectDependencies) = postProject
		{DAB109A0-41C3-49A6-93D6-A895FD1109E5} = {DAB109A0-41C3-49A6-93D6-A895FD1109E5}
		{DAB109A0-41C3-49A6-93D6-A895FD1109E6} = {DAB109A0-41C3-49A6-93D6-A895FD1109E6}
	EndProjectSection
EndProject
Project("{8BC9CEB8-8B4A-11D0-8D11-00A0C91BC942}") = "hptkill", "..\hptkill\make\hptkill.90.vcproj", "{E1190407-2246-4B4B-A2F9-B2E20DE1F0D4}"
	ProjectSection(ProjectDependencies) = postProject
		{DAB109A0-41C3-49A6-93D6-A895FD1109E5} = {DAB109A0-41C3-49A6-93D6-A895FD1109E5}
		{DAB109A0-41C3-49A6-93D6-A895FD1109E6} = {DAB109A0-41C3-49A6-93D6-A895FD1109E6}
		{DAB109A0-41C3-49A6-93D6-A895FD1109E7} = {DAB109A0-41C3-49A6-93D6-A895FD1109E7}
	EndProjectSection
EndProject
Project("{8BC9CEB8-8B4A-11D0-8D11-00A0C91BC942}") = "hpucode", "..\hpucode\make\hpucode.90.vcproj", "{E1190407-2246-4B4B-A2F9-B2E20DE1F0D6}"
	ProjectSection(ProjectDependencies) = postProject
		{DAB109A0-41C3-49A6-93D6-A895FD1109E5} = {DAB109A0-41C3-49A6-93D6-A895FD1109E5}
		{DAB109A0-41C3-49A6-93D6-A895FD1109E6} = {DAB109A0-41C3-49A6-93D6-A895FD1109E6}
		{DAB109A0-41C3-49A6-93D6-A895FD1109E7} = {DAB109A0-41C3-49A6-93D6-A895FD1109E7}
	EndProjectSection
EndProject
Project("{8BC9CEB8-8B4A-11D0-8D11-00A0C91BC942}") = "htick", "..\htick\htick.90.vcproj", "{13D2CCA9-2259-4D15-B58F-1A0ABA40B653}"
	ProjectSection(ProjectDependencies) = postProject
		{DAB109A0-41C3-49A6-93D6-A895FD1109E5} = {DAB109A0-41C3-49A6-93D6-A895FD1109E5}
		{DAB109A0-41C3-49A6-93D6-A895FD1109E6} = {DAB109A0-41C3-49A6-93D6-A895FD1109E6}
		{DAB109A0-41C3-49A6-93D6-A895FD1109E7} = {DAB109A0-41C3-49A6-93D6-A895FD1109E7}
		{DAB109A0-41C3-49A6-93D6-A895FD1109F9} = {DAB109A0-41C3-49A6-93D6-A895FD1109F9}
	EndProjectSection
EndProject
Project("{8BC9CEB8-8B4A-11D0-8D11-00A0C91BC942}") = "sqpack", "..\sqpack\sqpack.90.vcproj", "{E1190407-2246-4B4B-A2F9-B2E20DE1F0D5}"
	ProjectSection(ProjectDependencies) = postProject
		{DAB109A0-41C3-49A6-93D6-A895FD1109E5} = {DAB109A0-41C3-49A6-93D6-A895FD1109E5}
		{DAB109A0-41C3-49A6-93D6-A895FD1109E6} = {DAB109A0-41C3-49A6-93D6-A895FD1109E6}
		{DAB109A0-41C3-49A6-93D6-A895FD1109E7} = {DAB109A0-41C3-49A6-93D6-A895FD1109E7}
	EndProjectSection
EndProject
Project("{8BC9CEB8-8B4A-11D0-8D11-00A0C91BC942}") = "fconf2golded", "..\fidoconf\make\fconf2golded.90.vcproj", "{BA5A2C8F-8EC3-45CE-A3EA-41AB0BF6D436}"
	ProjectSection(ProjectDependencies) = postProject
		{DAB109A0-41C3-49A6-93D6-A895FD1109E5} = {DAB109A0-41C3-49A6-93D6-A895FD1109E5}
		{DAB109A0-41C3-49A6-93D6-A895FD1109E7} = {DAB109A0-41C3-49A6-93D6-A895FD1109E7}
	EndProjectSection
EndProject
Project("{8BC9CEB8-8B4A-11D0-8D11-00A0C91BC942}") = "hptsqfix", "..\hptsqfix\make\hptsqfix.90.vcproj", "{49062EF2-CD34-430D-9B27-AC2C456CAE52}"
EndProject
Project("{8BC9CEB8-8B4A-11D0-8D11-00A0C91BC942}") = "fidoroute", "..\hpt\fidoroute\win\msvc9\fidoroute.vcproj", "{E1BB1634-C477-4779-99EB-507F4F312631}"
EndProject
Project("{8BC9CEB8-8B4A-11D0-8D11-00A0C91BC942}") = "fecfg2fconf", "..\fidoconf\make\fecfg2fconf.90.vcproj", "{A275BBE6-1938-448D-84E2-B5DCE523FEA9}"
	ProjectSection(ProjectDependencies) = postProject
		{DAB109A0-41C3-49A6-93D6-A895FD1109E5} = {DAB109A0-41C3-49A6-93D6-A895FD1109E5}
		{DAB109A0-41C3-49A6-93D6-A895FD1109E7} = {DAB109A0-41C3-49A6-93D6-A895FD1109E7}
	EndProjectSection
EndProject
Global
	GlobalSection(SolutionConfigurationPlatforms) = preSolution
		Debug|Win32 = Debug|Win32
		Debug|x64 = Debug|x64
		Release|Win32 = Release|Win32
		Release|x64 = Release|x64
	EndGlobalSection
	GlobalSection(ProjectConfigurationPlatforms) = postSolution
		{DAB109A0-41C3-49A6-93D6-A895FD1109F9}.Debug|Win32.ActiveCfg = Debug|Win32
		{DAB109A0-41C3-49A6-93D6-A895FD1109F9}.Debug|Win32.Build.0 = Debug|Win32
		{DAB109A0-41C3-49A6-93D6-A895FD1109F9}.Debug|x64.ActiveCfg = Debug|x64
		{DAB109A0-41C3-49A6-93D6-A895FD1109F9}.Debug|x64.Build.0 = Debug|x64
		{DAB109A0-41C3-49A6-93D6-A895FD1109F9}.Release|Win32.ActiveCfg = Release|Win32
		{DAB109A0-41C3-49A6-93D6-A895FD1109F9}.Release|Win32.Build.0 = Release|Win32
		{DAB109A0-41C3-49A6-93D6-A895FD1109F9}.Release|x64.ActiveCfg = Release|x64
		{DAB109A0-41C3-49A6-93D6-A895FD1109F9}.Release|x64.Build.0 = Release|x64
		{DAB109A0-41C3-49A6-93D6-A895FD1109E7}.Debug|Win32.ActiveCfg = Debug|Win32
		{DAB109A0-41C3-49A6-93D6-A895FD1109E7}.Debug|Win32.Build.0 = Debug|Win32
		{DAB109A0-41C3-49A6-93D6-A895FD1109E7}.Debug|x64.ActiveCfg = Debug|x64
		{DAB109A0-41C3-49A6-93D6-A895FD1109E7}.Debug|x64.Build.0 = Debug|x64
		{DAB109A0-41C3-49A6-93D6-A895FD1109E7}.Release|Win32.ActiveCfg = Release|Win32
		{DAB109A0-41C3-49A6-93D6-A895FD1109E7}.Release|Win32.Build.0 = Release|Win32
		{DAB109A0-41C3-49A6-93D6-A895FD1109E7}.Release|x64.ActiveCfg = Release|x64
		{DAB109A0-41C3-49A6-93D6-A895FD1109E7}.Release|x64.Build.0 = Release|x64
		{18B5038B-9EF7-45B7-853B-612F589EE448}.Debug|Win32.ActiveCfg = Debug|Win32
		{18B5038B-9EF7-45B7-853B-612F589EE448}.Debug|Win32.Build.0 = Debug|Win32
		{18B5038B-9EF7-45B7-853B-612F589EE448}.Debug|x64.ActiveCfg = Debug|x64
		{18B5038B-9EF7-45B7-853B-612F589EE448}.Debug|x64.Build.0 = Debug|x64
		{18B5038B-9EF7-45B7-853B-612F589EE448}.Release|Win32.ActiveCfg = Release|Win32
		{18B5038B-9EF7-45B7-853B-612F589EE448}.Release|Win32.Build.0 = Release|Win32
		{18B5038B-9EF7-45B7-853B-612F589EE448}.Release|x64.ActiveCfg = Release|x64
		{18B5038B-9EF7-45B7-853B-612F589EE448}.Release|x64.Build.0 = Release|x64
		{64FC5F94-F885-4B5A-ACCF-FFCFDF95FC8E}.Debug|Win32.ActiveCfg = Debug|Win32
		{64FC5F94-F885-4B5A-ACCF-FFCFDF95FC8E}.Debug|Win32.Build.0 = Debug|Win32
		{64FC5F94-F885-4B5A-ACCF-FFCFDF95FC8E}.Debug|x64.ActiveCfg = Debug|x64
		{64FC5F94-F885-4B5A-ACCF-FFCFDF95FC8E}.Debug|x64.Build.0 = Debug|x64
		{64FC5F94-F885-4B5A-ACCF-FFCFDF95FC8E}.Release|Win32.ActiveCfg = Release|Win32
		{64FC5F94-F885-4B5A-ACCF-FFCFDF95FC8E}.Release|Win32.Build.0 = Release|Win32
		{64FC5F94-F885-4B5A-ACCF-FFCFDF95FC8E}.Release|x64.ActiveCfg = Release|x64
		{64FC5F94-F885-4B5A-ACCF-FFCFDF95FC8E}.Release|x64.Build.0 = Release|x64
		{DAB109A0-41C3-49A6-93D6-A895FD1109E5}.Debug|Win32.ActiveCfg = Debug|Win32
		{DAB109A0-41C3-49A6-93D6-A895FD1109E5}.Debug|Win32.Build.0 = Debug|Win32
		{DAB109A0-41C3-49A6-93D6-A895FD1109E5}.Debug|x64.ActiveCfg = Debug|x64
		{DAB109A0-41C3-49A6-93D6-A895FD1109E5}.Debug|x64.Build.0 = Debug|x64
		{DAB109A0-41C3-49A6-93D6-A895FD1109E5}.Release|Win32.ActiveCfg = Release|Win32
		{DAB109A0-41C3-49A6-93D6-A895FD1109E5}.Release|Win32.Build.0 = Release|Win32
		{DAB109A0-41C3-49A6-93D6-A895FD1109E5}.Release|x64.ActiveCfg = Release|x64
		{DAB109A0-41C3-49A6-93D6-A895FD1109E5}.Release|x64.Build.0 = Release|x64
		{DAB109A0-41C3-49A6-93D6-A895FD1109E6}.Debug|Win32.ActiveCfg = Debug|Win32
		{DAB109A0-41C3-49A6-93D6-A895FD1109E6}.Debug|Win32.Build.0 = Debug|Win32
		{DAB109A0-41C3-49A6-93D6-A895FD1109E6}.Debug|x64.ActiveCfg = Debug|x64
		{DAB109A0-41C3-49A6-93D6-A895FD1109E6}.Debug|x64.Build.0 = Debug|x64
		{DAB109A0-41C3-49A6-93D6-A895FD1109E6}.Release|Win32.ActiveCfg = Release|Win32
		{DAB109A0-41C3-49A6-93D6-A895FD1109E6}.Release|Win32.Build.0 = Release|Win32
		{DAB109A0-41C3-49A6-93D6-A895FD1109E6}.Release|x64.ActiveCfg = Release|x64
		{DAB109A0-41C3-49A6-93D6-A895FD1109E6}.Release|x64.Build.0 = Release|x64
		{0BE355C5-A738-4531-A110-987DB0AFF543}.Debug|Win32.ActiveCfg = Debug|Win32
		{0BE355C5-A738-4531-A110-987DB0AFF543}.Debug|Win32.Build.0 = Debug|Win32
		{0BE355C5-A738-4531-A110-987DB0AFF543}.Debug|x64.ActiveCfg = Debug|x64
		{0BE355C5-A738-4531-A110-987DB0AFF543}.Debug|x64.Build.0 = Debug|x64
		{0BE355C5-A738-4531-A110-987DB0AFF543}.Release|Win32.ActiveCfg = Release|Win32
		{0BE355C5-A738-4531-A110-987DB0AFF543}.Release|Win32.Build.0 = Release|Win32
		{0BE355C5-A738-4531-A110-987DB0AFF543}.Release|x64.ActiveCfg = Release|x64
		{0BE355C5-A738-4531-A110-987DB0AFF543}.Release|x64.Build.0 = Release|x64
		{18B5038B-9EF7-45B7-853B-612F589EE458}.Debug|Win32.ActiveCfg = Debug|Win32
		{18B5038B-9EF7-45B7-853B-612F589EE458}.Debug|Win32.Build.0 = Debug|Win32
		{18B5038B-9EF7-45B7-853B-612F589EE458}.Debug|x64.ActiveCfg = Debug|x64
		{18B5038B-9EF7-45B7-853B-612F589EE458}.Debug|x64.Build.0 = Debug|x64
		{18B5038B-9EF7-45B7-853B-612F589EE458}.Release|Win32.ActiveCfg = Release|Win32
		{18B5038B-9EF7-45B7-853B-612F589EE458}.Release|Win32.Build.0 = Release|Win32
		{18B5038B-9EF7-45B7-853B-612F589EE458}.Release|x64.ActiveCfg = Release|x64
		{18B5038B-9EF7-45B7-853B-612F589EE458}.Release|x64.Build.0 = Release|x64
		{F44AFCFA-9F76-4B2C-9460-5CBB098BBCDC}.Debug|Win32.ActiveCfg = Debug|Win32
		{F44AFCFA-9F76-4B2C-9460-5CBB098BBCDC}.Debug|Win32.Build.0 = Debug|Win32
		{F44AFCFA-9F76-4B2C-9460-5CBB098BBCDC}.Debug|x64.ActiveCfg = Debug|x64
		{F44AFCFA-9F76-4B2C-9460-5CBB098BBCDC}.Debug|x64.Build.0 = Debug|x64
		{F44AFCFA-9F76-4B2C-9460-5CBB098BBCDC}.Release|Win32.ActiveCfg = Release|Win32
		{F44AFCFA-9F76-4B2C-9460-5CBB098BBCDC}.Release|Win32.Build.0 = Release|Win32
		{F44AFCFA-9F76-4B2C-9460-5CBB098BBCDC}.Release|x64.ActiveCfg = Release|x64
		{F44AFCFA-9F76-4B2C-9460-5CBB098BBCDC}.Release|x64.Build.0 = Release|x64
		{E1190407-2246-4B4B-A2F9-B2E20DE1F0F4}.Debug|Win32.ActiveCfg = Debug|Win32
		{E1190407-2246-4B4B-A2F9-B2E20DE1F0F4}.Debug|Win32.Build.0 = Debug|Win32
		{E1190407-2246-4B4B-A2F9-B2E20DE1F0F4}.Debug|x64.ActiveCfg = Debug|x64
		{E1190407-2246-4B4B-A2F9-B2E20DE1F0F4}.Debug|x64.Build.0 = Debug|x64
		{E1190407-2246-4B4B-A2F9-B2E20DE1F0F4}.Release|Win32.ActiveCfg = Release|Win32
		{E1190407-2246-4B4B-A2F9-B2E20DE1F0F4}.Release|Win32.Build.0 = Release|Win32
		{E1190407-2246-4B4B-A2F9-B2E20DE1F0F4}.Release|x64.ActiveCfg = Release|x64
		{E1190407-2246-4B4B-A2F9-B2E20DE1F0F4}.Release|x64.Build.0 = Release|x64
		{E1190407-2246-4B4B-A2F9-B2E20DE1F0D4}.Debug|Win32.ActiveCfg = Debug|Win32
		{E1190407-2246-4B4B-A2F9-B2E20DE1F0D4}.Debug|Win32.Build.0 = Debug|Win32
		{E1190407-2246-4B4B-A2F9-B2E20DE1F0D4}.Debug|x64.ActiveCfg = Debug|x64
		{E1190407-2246-4B4B-A2F9-B2E20DE1F0D4}.Debug|x64.Build.0 = Debug|x64
		{E1190407-2246-4B4B-A2F9-B2E20DE1F0D4}.Release|Win32.ActiveCfg = Release|Win32
		{E1190407-2246-4B4B-A2F9-B2E20DE1F0D4}.Release|Win32.Build.0 = Release|Win32
		{E1190407-2246-4B4B-A2F9-B2E20DE1F0D4}.Release|x64.ActiveCfg = Release|x64
		{E1190407-2246-4B4B-A2F9-B2E20DE1F0D4}.Release|x64.Build.0 = Release|x64
		{E1190407-2246-4B4B-A2F9-B2E20DE1F0D6}.Debug|Win32.ActiveCfg = Debug|Win32
		{E1190407-2246-4B4B-A2F9-B2E20DE1F0D6}.Debug|Win32.Build.0 = Debug|Win32
		{E1190407-2246-4B4B-A2F9-B2E20DE1F0D6}.Debug|x64.ActiveCfg = Debug|x64
		{E1190407-2246-4B4B-A2F9-B2E20DE1F0D6}.Debug|x64.Build.0 = Debug|x64
		{E1190407-2246-4B4B-A2F9-B2E20DE1F0D6}.Release|Win32.ActiveCfg = Release|Win32
		{E1190407-2246-4B4B-A2F9-B2E20DE1F0D6}.Release|Win32.Build.0 = Release|Win32
		{E1190407-2246-4B4B-A2F9-B2E20DE1F0D6}.Release|x64.ActiveCfg = Release|x64
		{E1190407-2246-4B4B-A2F9-B2E20DE1F0D6}.Release|x64.Build.0 = Release|x64
		{13D2CCA9-2259-4D15-B58F-1A0ABA40B653}.Debug|Win32.ActiveCfg = Debug|Win32
		{13D2CCA9-2259-4D15-B58F-1A0ABA40B653}.Debug|Win32.Build.0 = Debug|Win32
		{13D2CCA9-2259-4D15-B58F-1A0ABA40B653}.Debug|x64.ActiveCfg = Debug|x64
		{13D2CCA9-2259-4D15-B58F-1A0ABA40B653}.Debug|x64.Build.0 = Debug|x64
		{13D2CCA9-2259-4D15-B58F-1A0ABA40B653}.Release|Win32.ActiveCfg = Release|Win32
		{13D2CCA9-2259-4D15-B58F-1A0ABA40B653}.Release|Win32.Build.0 = Release|Win32
		{13D2CCA9-2259-4D15-B58F-1A0ABA40B653}.Release|x64.ActiveCfg = Release|x64
		{13D2CCA9-2259-4D15-B58F-1A0ABA40B653}.Release|x64.Build.0 = Release|x64
		{E1190407-2246-4B4B-A2F9-B2E20DE1F0D5}.Debug|Win32.ActiveCfg = Debug|Win32
		{E1190407-2246-4B4B-A2F9-B2E20DE1F0D5}.Debug|Win32.Build.0 = Debug|Win32
		{E1190407-2246-4B4B-A2F9-B2E20DE1F0D5}.Debug|x64.ActiveCfg = Debug|x64
		{E1190407-2246-4B4B-A2F9-B2E20DE1F0D5}.Debug|x64.Build.0 = Debug|x64
		{E1190407-2246-4B4B-A2F9-B2E20DE1F0D5}.Release|Win32.ActiveCfg = Release|Win32
		{E1190407-2246-4B4B-A2F9-B2E20DE1F0D5}.Release|Win32.Build.0 = Release|Win32
		{E1190407-2246-4B4B-A2F9-B2E20DE1F0D5}.Release|x64.ActiveCfg = Release|x64
		{E1190407-2246-4B4B-A2F9-B2E20DE1F0D5}.Release|x64.Build.0 = Release|x64
		{BA5A2C8F-8EC3-45CE-A3EA-41AB0BF6D436}.Debug|Win32.ActiveCfg = Debug|Win32
		{BA5A2C8F-8EC3-45CE-A3EA-41AB0BF6D436}.Debug|Win32.Build.0 = Debug|Win32
		{BA5A2C8F-8EC3-45CE-A3EA-41AB0BF6D436}.Debug|x64.ActiveCfg = Debug|x64
		{BA5A2C8F-8EC3-45CE-A3EA-41AB0BF6D436}.Debug|x64.Build.0 = Debug|x64
		{BA5A2C8F-8EC3-45CE-A3EA-41AB0BF6D436}.Release|Win32.ActiveCfg = Release|Win32
		{BA5A2C8F-8EC3-45CE-A3EA-41AB0BF6D436}.Release|Win32.Build.0 = Release|Win32
		{BA5A2C8F-8EC3-45CE-A3EA-41AB0BF6D436}.Release|x64.ActiveCfg = Release|x64
		{BA5A2C8F-8EC3-45CE-A3EA-41AB0BF6D436}.Release|x64.Build.0 = Release|x64
		{49062EF2-CD34-430D-9B27-AC2C456CAE52}.Debug|Win32.ActiveCfg = Debug|Win32
		{49062EF2-CD34-430D-9B27-AC2C456CAE52}.Debug|Win32.Build.0 = Debug|Win32
		{49062EF2-CD34-430D-9B27-AC2C456CAE52}.Debug|x64.ActiveCfg = Debug|Win32
		{49062EF2-CD34-430D-9B27-AC2C456CAE52}.Release|Win32.ActiveCfg = Release|Win32
		{49062EF2-CD34-430D-9B27-AC2C456CAE52}.Release|Win32.Build.0 = Release|Win32
		{49062EF2-CD34-430D-9B27-AC2C456CAE52}.Release|x64.ActiveCfg = Release|Win32
		{E1BB1634-C477-4779-99EB-507F4F312631}.Debug|Win32.ActiveCfg = Debug|Win32
		{E1BB1634-C477-4779-99EB-507F4F312631}.Debug|Win32.Build.0 = Debug|Win32
		{E1BB1634-C477-4779-99EB-507F4F312631}.Debug|x64.ActiveCfg = Debug|Win32
		{E1BB1634-C477-4779-99EB-507F4F312631}.Release|Win32.ActiveCfg = Release|Win32
		{E1BB1634-C477-4779-99EB-507F4F312631}.Release|Win32.Build.0 = Release|Win32
		{E1BB1634-C477-4779-99EB-507F4F312631}.Release|x64.ActiveCfg = Release|Win32
		{A275BBE6-1938-448D-84E2-B5DCE523FEA9}.Debug|Win32.ActiveCfg = Debug|Win32
		{A275BBE6-1938-448D-84E2-B5DCE523FEA9}.Debug|Win32.Build.0 = Debug|Win32
		{A275BBE6-1938-448D-84E2-B5DCE523FEA9}.Debug|x64.ActiveCfg = Debug|Win32
		{A275BBE6-1938-448D-84E2-B5DCE523FEA9}.Release|Win32.ActiveCfg = Release|Win32
		{A275BBE6-1938-448D-84E2-B5DCE523FEA9}.Release|Win32.Build.0 = Release|Win32
		{A275BBE6-1938-448D-84E2-B5DCE523FEA9}.Release|x64.ActiveCfg = Release|Win32
	EndGlobalSection
	GlobalSection(SolutionProperties) = preSolution
		HideSolutionNode = FALSE
	EndGlobalSection
EndGlobal
