
Microsoft Visual Studio Solution File, Format Version 9.00
# Visual Studio 2005
Project("{8BC9CEB8-8B4A-11D0-8D11-00A0C91BC942}") = "AreafixDll", "..\areafix\make\AreafixDll.80.vcproj", "{DAB109A0-41C3-49A6-93D6-A895FD1109F9}"
	ProjectSection(ProjectDependencies) = postProject
		{DAB109A0-41C3-49A6-93D6-A895FD1109E7} = {DAB109A0-41C3-49A6-93D6-A895FD1109E7}
		{DAB109A0-41C3-49A6-93D6-A895FD1109E6} = {DAB109A0-41C3-49A6-93D6-A895FD1109E6}
		{DAB109A0-41C3-49A6-93D6-A895FD1109E5} = {DAB109A0-41C3-49A6-93D6-A895FD1109E5}
	EndProjectSection
EndProject
Project("{8BC9CEB8-8B4A-11D0-8D11-00A0C91BC942}") = "FidoconfDll", "..\fidoconf\make\FidoconfDll.80.vcproj", "{DAB109A0-41C3-49A6-93D6-A895FD1109E7}"
	ProjectSection(ProjectDependencies) = postProject
		{DAB109A0-41C3-49A6-93D6-A895FD1109E5} = {DAB109A0-41C3-49A6-93D6-A895FD1109E5}
	EndProjectSection
EndProject
Project("{8BC9CEB8-8B4A-11D0-8D11-00A0C91BC942}") = "linked", "..\fidoconf\make\linked.80.vcproj", "{18B5038B-9EF7-45B7-853B-612F589EE448}"
	ProjectSection(ProjectDependencies) = postProject
		{DAB109A0-41C3-49A6-93D6-A895FD1109E7} = {DAB109A0-41C3-49A6-93D6-A895FD1109E7}
		{DAB109A0-41C3-49A6-93D6-A895FD1109E5} = {DAB109A0-41C3-49A6-93D6-A895FD1109E5}
	EndProjectSection
EndProject
Project("{8BC9CEB8-8B4A-11D0-8D11-00A0C91BC942}") = "tparser", "..\fidoconf\make\tparser.80.vcproj", "{64FC5F94-F885-4B5A-ACCF-FFCFDF95FC8E}"
	ProjectSection(ProjectDependencies) = postProject
		{DAB109A0-41C3-49A6-93D6-A895FD1109E7} = {DAB109A0-41C3-49A6-93D6-A895FD1109E7}
		{DAB109A0-41C3-49A6-93D6-A895FD1109E5} = {DAB109A0-41C3-49A6-93D6-A895FD1109E5}
	EndProjectSection
EndProject
Project("{8BC9CEB8-8B4A-11D0-8D11-00A0C91BC942}") = "HuskylibDll", "..\huskylib\make\HuskylibDll.80.vcproj", "{DAB109A0-41C3-49A6-93D6-A895FD1109E5}"
EndProject
Project("{8BC9CEB8-8B4A-11D0-8D11-00A0C91BC942}") = "SmapiDll", "..\smapi\make\SmapiDll.80.vcproj", "{DAB109A0-41C3-49A6-93D6-A895FD1109E6}"
	ProjectSection(ProjectDependencies) = postProject
		{DAB109A0-41C3-49A6-93D6-A895FD1109E5} = {DAB109A0-41C3-49A6-93D6-A895FD1109E5}
	EndProjectSection
EndProject
Project("{8BC9CEB8-8B4A-11D0-8D11-00A0C91BC942}") = "hpt", "..\hpt\make\hpt.80.vcproj", "{0BE355C5-A738-4531-A110-987DB0AFF543}"
	ProjectSection(ProjectDependencies) = postProject
		{DAB109A0-41C3-49A6-93D6-A895FD1109F9} = {DAB109A0-41C3-49A6-93D6-A895FD1109F9}
		{DAB109A0-41C3-49A6-93D6-A895FD1109E7} = {DAB109A0-41C3-49A6-93D6-A895FD1109E7}
		{DAB109A0-41C3-49A6-93D6-A895FD1109E6} = {DAB109A0-41C3-49A6-93D6-A895FD1109E6}
		{DAB109A0-41C3-49A6-93D6-A895FD1109E5} = {DAB109A0-41C3-49A6-93D6-A895FD1109E5}
	EndProjectSection
EndProject
Project("{8BC9CEB8-8B4A-11D0-8D11-00A0C91BC942}") = "hptlink", "..\hpt\make\hptlink.80.vcproj", "{18B5038B-9EF7-45B7-853B-612F589EE458}"
	ProjectSection(ProjectDependencies) = postProject
		{DAB109A0-41C3-49A6-93D6-A895FD1109E7} = {DAB109A0-41C3-49A6-93D6-A895FD1109E7}
		{DAB109A0-41C3-49A6-93D6-A895FD1109E6} = {DAB109A0-41C3-49A6-93D6-A895FD1109E6}
		{DAB109A0-41C3-49A6-93D6-A895FD1109E5} = {DAB109A0-41C3-49A6-93D6-A895FD1109E5}
	EndProjectSection
EndProject
Project("{8BC9CEB8-8B4A-11D0-8D11-00A0C91BC942}") = "hptz", "..\hpt\make\hptz.80.vcproj", "{25ECCCFB-5EBE-492F-980B-4E9CF7CCE5BE}"
	ProjectSection(ProjectDependencies) = postProject
		{DAB109A0-41C3-49A6-93D6-A895FD1109F9} = {DAB109A0-41C3-49A6-93D6-A895FD1109F9}
		{DAB109A0-41C3-49A6-93D6-A895FD1109E7} = {DAB109A0-41C3-49A6-93D6-A895FD1109E7}
		{DAB109A0-41C3-49A6-93D6-A895FD1109E6} = {DAB109A0-41C3-49A6-93D6-A895FD1109E6}
		{DAB109A0-41C3-49A6-93D6-A895FD1109E5} = {DAB109A0-41C3-49A6-93D6-A895FD1109E5}
		{DAB109A0-41C3-49A6-93D6-A895FD1109E9} = {DAB109A0-41C3-49A6-93D6-A895FD1109E9}
	EndProjectSection
EndProject
Project("{8BC9CEB8-8B4A-11D0-8D11-00A0C91BC942}") = "txt2pkt", "..\hpt\make\txt2pkt.80.vcproj", "{F44AFCFA-9F76-4B2C-9460-5CBB098BBCDC}"
	ProjectSection(ProjectDependencies) = postProject
		{DAB109A0-41C3-49A6-93D6-A895FD1109E7} = {DAB109A0-41C3-49A6-93D6-A895FD1109E7}
		{DAB109A0-41C3-49A6-93D6-A895FD1109E5} = {DAB109A0-41C3-49A6-93D6-A895FD1109E5}
	EndProjectSection
EndProject
Project("{8BC9CEB8-8B4A-11D0-8D11-00A0C91BC942}") = "areastat", "..\areastat\make\areastat.80.vcproj", "{E1190407-2246-4B4B-A2F9-B2E20DE1F0F4}"
	ProjectSection(ProjectDependencies) = postProject
		{DAB109A0-41C3-49A6-93D6-A895FD1109E5} = {DAB109A0-41C3-49A6-93D6-A895FD1109E5}
		{DAB109A0-41C3-49A6-93D6-A895FD1109E6} = {DAB109A0-41C3-49A6-93D6-A895FD1109E6}
	EndProjectSection
EndProject
Project("{8BC9CEB8-8B4A-11D0-8D11-00A0C91BC942}") = "hptkill", "..\hptkill\make\hptkill.80.vcproj", "{E1190407-2246-4B4B-A2F9-B2E20DE1F0D4}"
	ProjectSection(ProjectDependencies) = postProject
		{DAB109A0-41C3-49A6-93D6-A895FD1109E5} = {DAB109A0-41C3-49A6-93D6-A895FD1109E5}
		{DAB109A0-41C3-49A6-93D6-A895FD1109E6} = {DAB109A0-41C3-49A6-93D6-A895FD1109E6}
		{DAB109A0-41C3-49A6-93D6-A895FD1109E7} = {DAB109A0-41C3-49A6-93D6-A895FD1109E7}
	EndProjectSection
EndProject
Project("{8BC9CEB8-8B4A-11D0-8D11-00A0C91BC942}") = "hptzipDll", "..\hptzip\make\hptzipDll.80.vcproj", "{DAB109A0-41C3-49A6-93D6-A895FD1109E9}"
EndProject
Project("{8BC9CEB8-8B4A-11D0-8D11-00A0C91BC942}") = "hpucode", "..\hpucode\make\hpucode.80.vcproj", "{E1190407-2246-4B4B-A2F9-B2E20DE1F0D6}"
	ProjectSection(ProjectDependencies) = postProject
		{DAB109A0-41C3-49A6-93D6-A895FD1109E5} = {DAB109A0-41C3-49A6-93D6-A895FD1109E5}
		{DAB109A0-41C3-49A6-93D6-A895FD1109E6} = {DAB109A0-41C3-49A6-93D6-A895FD1109E6}
		{DAB109A0-41C3-49A6-93D6-A895FD1109E7} = {DAB109A0-41C3-49A6-93D6-A895FD1109E7}
	EndProjectSection
EndProject
Project("{8BC9CEB8-8B4A-11D0-8D11-00A0C91BC942}") = "htick", "..\htick\htick.80.vcproj", "{13D2CCA9-2259-4D15-B58F-1A0ABA40B653}"
	ProjectSection(ProjectDependencies) = postProject
		{DAB109A0-41C3-49A6-93D6-A895FD1109E5} = {DAB109A0-41C3-49A6-93D6-A895FD1109E5}
		{DAB109A0-41C3-49A6-93D6-A895FD1109E6} = {DAB109A0-41C3-49A6-93D6-A895FD1109E6}
		{DAB109A0-41C3-49A6-93D6-A895FD1109E7} = {DAB109A0-41C3-49A6-93D6-A895FD1109E7}
		{DAB109A0-41C3-49A6-93D6-A895FD1109F9} = {DAB109A0-41C3-49A6-93D6-A895FD1109F9}
	EndProjectSection
EndProject
Project("{8BC9CEB8-8B4A-11D0-8D11-00A0C91BC942}") = "htickWithZlib", "..\htick\htickWithZlib.80.vcproj", "{13D2CCA9-2259-4D15-B58F-1A0ABA40B654}"
	ProjectSection(ProjectDependencies) = postProject
		{DAB109A0-41C3-49A6-93D6-A895FD1109F9} = {DAB109A0-41C3-49A6-93D6-A895FD1109F9}
		{DAB109A0-41C3-49A6-93D6-A895FD1109E9} = {DAB109A0-41C3-49A6-93D6-A895FD1109E9}
		{DAB109A0-41C3-49A6-93D6-A895FD1109E7} = {DAB109A0-41C3-49A6-93D6-A895FD1109E7}
		{DAB109A0-41C3-49A6-93D6-A895FD1109E6} = {DAB109A0-41C3-49A6-93D6-A895FD1109E6}
		{DAB109A0-41C3-49A6-93D6-A895FD1109E5} = {DAB109A0-41C3-49A6-93D6-A895FD1109E5}
	EndProjectSection
EndProject
Project("{8BC9CEB8-8B4A-11D0-8D11-00A0C91BC942}") = "nldiff", "..\nltools\make\nldiff.80.vcproj", "{E8D090FC-81C3-4AD1-A885-307544732695}"
	ProjectSection(ProjectDependencies) = postProject
		{DAB109A0-41C3-49A6-93D6-A895FD1109E5} = {DAB109A0-41C3-49A6-93D6-A895FD1109E5}
	EndProjectSection
EndProject
Project("{8BC9CEB8-8B4A-11D0-8D11-00A0C91BC942}") = "nlupdate", "..\nltools\make\nlupdate.80.vcproj", "{1A04E7CB-A33B-4049-87D1-B785E0A7AA5F}"
	ProjectSection(ProjectDependencies) = postProject
		{DAB109A0-41C3-49A6-93D6-A895FD1109E9} = {DAB109A0-41C3-49A6-93D6-A895FD1109E9}
		{DAB109A0-41C3-49A6-93D6-A895FD1109E7} = {DAB109A0-41C3-49A6-93D6-A895FD1109E7}
		{DAB109A0-41C3-49A6-93D6-A895FD1109E5} = {DAB109A0-41C3-49A6-93D6-A895FD1109E5}
	EndProjectSection
EndProject
Project("{8BC9CEB8-8B4A-11D0-8D11-00A0C91BC942}") = "sqpack", "..\sqpack\sqpack.80.vcproj", "{E1190407-2246-4B4B-A2F9-B2E20DE1F0D5}"
	ProjectSection(ProjectDependencies) = postProject
		{DAB109A0-41C3-49A6-93D6-A895FD1109E5} = {DAB109A0-41C3-49A6-93D6-A895FD1109E5}
		{DAB109A0-41C3-49A6-93D6-A895FD1109E6} = {DAB109A0-41C3-49A6-93D6-A895FD1109E6}
		{DAB109A0-41C3-49A6-93D6-A895FD1109E7} = {DAB109A0-41C3-49A6-93D6-A895FD1109E7}
	EndProjectSection
EndProject
Project("{8BC9CEB8-8B4A-11D0-8D11-00A0C91BC942}") = "fconf2golded", "..\fidoconf\make\fconf2golded.80.vcproj", "{BA5A2C8F-8EC3-45CE-A3EA-41AB0BF6D436}"
	ProjectSection(ProjectDependencies) = postProject
		{DAB109A0-41C3-49A6-93D6-A895FD1109E5} = {DAB109A0-41C3-49A6-93D6-A895FD1109E5}
		{DAB109A0-41C3-49A6-93D6-A895FD1109E7} = {DAB109A0-41C3-49A6-93D6-A895FD1109E7}
	EndProjectSection
EndProject
Global
	GlobalSection(SolutionConfigurationPlatforms) = preSolution
		Debug|Win32 = Debug|Win32
		Release|Win32 = Release|Win32
	EndGlobalSection
	GlobalSection(ProjectConfigurationPlatforms) = postSolution
		{DAB109A0-41C3-49A6-93D6-A895FD1109F9}.Debug|Win32.ActiveCfg = Release|Win32
		{DAB109A0-41C3-49A6-93D6-A895FD1109F9}.Debug|Win32.Build.0 = Release|Win32
		{DAB109A0-41C3-49A6-93D6-A895FD1109F9}.Release|Win32.ActiveCfg = Release|Win32
		{DAB109A0-41C3-49A6-93D6-A895FD1109F9}.Release|Win32.Build.0 = Release|Win32
		{DAB109A0-41C3-49A6-93D6-A895FD1109E7}.Debug|Win32.ActiveCfg = Release|Win32
		{DAB109A0-41C3-49A6-93D6-A895FD1109E7}.Debug|Win32.Build.0 = Release|Win32
		{DAB109A0-41C3-49A6-93D6-A895FD1109E7}.Release|Win32.ActiveCfg = Release|Win32
		{DAB109A0-41C3-49A6-93D6-A895FD1109E7}.Release|Win32.Build.0 = Release|Win32
		{18B5038B-9EF7-45B7-853B-612F589EE448}.Debug|Win32.ActiveCfg = Release|Win32
		{18B5038B-9EF7-45B7-853B-612F589EE448}.Debug|Win32.Build.0 = Release|Win32
		{18B5038B-9EF7-45B7-853B-612F589EE448}.Release|Win32.ActiveCfg = Release|Win32
		{18B5038B-9EF7-45B7-853B-612F589EE448}.Release|Win32.Build.0 = Release|Win32
		{64FC5F94-F885-4B5A-ACCF-FFCFDF95FC8E}.Debug|Win32.ActiveCfg = Release|Win32
		{64FC5F94-F885-4B5A-ACCF-FFCFDF95FC8E}.Debug|Win32.Build.0 = Release|Win32
		{64FC5F94-F885-4B5A-ACCF-FFCFDF95FC8E}.Release|Win32.ActiveCfg = Release|Win32
		{64FC5F94-F885-4B5A-ACCF-FFCFDF95FC8E}.Release|Win32.Build.0 = Release|Win32
		{DAB109A0-41C3-49A6-93D6-A895FD1109E5}.Debug|Win32.ActiveCfg = Release|Win32
		{DAB109A0-41C3-49A6-93D6-A895FD1109E5}.Debug|Win32.Build.0 = Release|Win32
		{DAB109A0-41C3-49A6-93D6-A895FD1109E5}.Release|Win32.ActiveCfg = Release|Win32
		{DAB109A0-41C3-49A6-93D6-A895FD1109E5}.Release|Win32.Build.0 = Release|Win32
		{DAB109A0-41C3-49A6-93D6-A895FD1109E6}.Debug|Win32.ActiveCfg = Release|Win32
		{DAB109A0-41C3-49A6-93D6-A895FD1109E6}.Debug|Win32.Build.0 = Release|Win32
		{DAB109A0-41C3-49A6-93D6-A895FD1109E6}.Release|Win32.ActiveCfg = Release|Win32
		{DAB109A0-41C3-49A6-93D6-A895FD1109E6}.Release|Win32.Build.0 = Release|Win32
		{0BE355C5-A738-4531-A110-987DB0AFF543}.Debug|Win32.ActiveCfg = Release|Win32
		{0BE355C5-A738-4531-A110-987DB0AFF543}.Debug|Win32.Build.0 = Release|Win32
		{0BE355C5-A738-4531-A110-987DB0AFF543}.Release|Win32.ActiveCfg = Release|Win32
		{0BE355C5-A738-4531-A110-987DB0AFF543}.Release|Win32.Build.0 = Release|Win32
		{18B5038B-9EF7-45B7-853B-612F589EE458}.Debug|Win32.ActiveCfg = Release|Win32
		{18B5038B-9EF7-45B7-853B-612F589EE458}.Debug|Win32.Build.0 = Release|Win32
		{18B5038B-9EF7-45B7-853B-612F589EE458}.Release|Win32.ActiveCfg = Release|Win32
		{18B5038B-9EF7-45B7-853B-612F589EE458}.Release|Win32.Build.0 = Release|Win32
		{25ECCCFB-5EBE-492F-980B-4E9CF7CCE5BE}.Debug|Win32.ActiveCfg = Release|Win32
		{25ECCCFB-5EBE-492F-980B-4E9CF7CCE5BE}.Debug|Win32.Build.0 = Release|Win32
		{25ECCCFB-5EBE-492F-980B-4E9CF7CCE5BE}.Release|Win32.ActiveCfg = Release|Win32
		{25ECCCFB-5EBE-492F-980B-4E9CF7CCE5BE}.Release|Win32.Build.0 = Release|Win32
		{F44AFCFA-9F76-4B2C-9460-5CBB098BBCDC}.Debug|Win32.ActiveCfg = Release|Win32
		{F44AFCFA-9F76-4B2C-9460-5CBB098BBCDC}.Debug|Win32.Build.0 = Release|Win32
		{F44AFCFA-9F76-4B2C-9460-5CBB098BBCDC}.Release|Win32.ActiveCfg = Release|Win32
		{F44AFCFA-9F76-4B2C-9460-5CBB098BBCDC}.Release|Win32.Build.0 = Release|Win32
		{E1190407-2246-4B4B-A2F9-B2E20DE1F0F4}.Debug|Win32.ActiveCfg = Release|Win32
		{E1190407-2246-4B4B-A2F9-B2E20DE1F0F4}.Debug|Win32.Build.0 = Release|Win32
		{E1190407-2246-4B4B-A2F9-B2E20DE1F0F4}.Release|Win32.ActiveCfg = Release|Win32
		{E1190407-2246-4B4B-A2F9-B2E20DE1F0F4}.Release|Win32.Build.0 = Release|Win32
		{E1190407-2246-4B4B-A2F9-B2E20DE1F0D4}.Debug|Win32.ActiveCfg = Release|Win32
		{E1190407-2246-4B4B-A2F9-B2E20DE1F0D4}.Debug|Win32.Build.0 = Release|Win32
		{E1190407-2246-4B4B-A2F9-B2E20DE1F0D4}.Release|Win32.ActiveCfg = Release|Win32
		{E1190407-2246-4B4B-A2F9-B2E20DE1F0D4}.Release|Win32.Build.0 = Release|Win32
		{DAB109A0-41C3-49A6-93D6-A895FD1109E9}.Debug|Win32.ActiveCfg = Release|Win32
		{DAB109A0-41C3-49A6-93D6-A895FD1109E9}.Debug|Win32.Build.0 = Release|Win32
		{DAB109A0-41C3-49A6-93D6-A895FD1109E9}.Release|Win32.ActiveCfg = Release|Win32
		{DAB109A0-41C3-49A6-93D6-A895FD1109E9}.Release|Win32.Build.0 = Release|Win32
		{E1190407-2246-4B4B-A2F9-B2E20DE1F0D6}.Debug|Win32.ActiveCfg = Release|Win32
		{E1190407-2246-4B4B-A2F9-B2E20DE1F0D6}.Debug|Win32.Build.0 = Release|Win32
		{E1190407-2246-4B4B-A2F9-B2E20DE1F0D6}.Release|Win32.ActiveCfg = Release|Win32
		{E1190407-2246-4B4B-A2F9-B2E20DE1F0D6}.Release|Win32.Build.0 = Release|Win32
		{13D2CCA9-2259-4D15-B58F-1A0ABA40B653}.Debug|Win32.ActiveCfg = Release|Win32
		{13D2CCA9-2259-4D15-B58F-1A0ABA40B653}.Debug|Win32.Build.0 = Release|Win32
		{13D2CCA9-2259-4D15-B58F-1A0ABA40B653}.Release|Win32.ActiveCfg = Release|Win32
		{13D2CCA9-2259-4D15-B58F-1A0ABA40B653}.Release|Win32.Build.0 = Release|Win32
		{13D2CCA9-2259-4D15-B58F-1A0ABA40B654}.Debug|Win32.ActiveCfg = Release|Win32
		{13D2CCA9-2259-4D15-B58F-1A0ABA40B654}.Debug|Win32.Build.0 = Release|Win32
		{13D2CCA9-2259-4D15-B58F-1A0ABA40B654}.Release|Win32.ActiveCfg = Release|Win32
		{13D2CCA9-2259-4D15-B58F-1A0ABA40B654}.Release|Win32.Build.0 = Release|Win32
		{E8D090FC-81C3-4AD1-A885-307544732695}.Debug|Win32.ActiveCfg = Release|Win32
		{E8D090FC-81C3-4AD1-A885-307544732695}.Debug|Win32.Build.0 = Release|Win32
		{E8D090FC-81C3-4AD1-A885-307544732695}.Release|Win32.ActiveCfg = Release|Win32
		{E8D090FC-81C3-4AD1-A885-307544732695}.Release|Win32.Build.0 = Release|Win32
		{1A04E7CB-A33B-4049-87D1-B785E0A7AA5F}.Debug|Win32.ActiveCfg = Release|Win32
		{1A04E7CB-A33B-4049-87D1-B785E0A7AA5F}.Debug|Win32.Build.0 = Release|Win32
		{1A04E7CB-A33B-4049-87D1-B785E0A7AA5F}.Release|Win32.ActiveCfg = Release|Win32
		{1A04E7CB-A33B-4049-87D1-B785E0A7AA5F}.Release|Win32.Build.0 = Release|Win32
		{E1190407-2246-4B4B-A2F9-B2E20DE1F0D5}.Debug|Win32.ActiveCfg = Release|Win32
		{E1190407-2246-4B4B-A2F9-B2E20DE1F0D5}.Debug|Win32.Build.0 = Release|Win32
		{E1190407-2246-4B4B-A2F9-B2E20DE1F0D5}.Release|Win32.ActiveCfg = Release|Win32
		{E1190407-2246-4B4B-A2F9-B2E20DE1F0D5}.Release|Win32.Build.0 = Release|Win32
		{BA5A2C8F-8EC3-45CE-A3EA-41AB0BF6D436}.Debug|Win32.ActiveCfg = Debug|Win32
		{BA5A2C8F-8EC3-45CE-A3EA-41AB0BF6D436}.Debug|Win32.Build.0 = Debug|Win32
		{BA5A2C8F-8EC3-45CE-A3EA-41AB0BF6D436}.Release|Win32.ActiveCfg = Release|Win32
		{BA5A2C8F-8EC3-45CE-A3EA-41AB0BF6D436}.Release|Win32.Build.0 = Release|Win32
	EndGlobalSection
	GlobalSection(SolutionProperties) = preSolution
		HideSolutionNode = FALSE
	EndGlobalSection
EndGlobal
