Microsoft Visual Studio Solution File, Format Version 8.00
Project("{8BC9CEB8-8B4A-11D0-8D11-00A0C91BC942}") = "AreafixDll", "..\areafix\make\AreafixDll.8.vcproj", "{DAB109A0-41C3-49A6-93D6-A895FD1109F9}"
	ProjectSection(ProjectDependencies) = postProject
		{DAB109A0-41C3-49A6-93D6-A895FD1109E6} = {DAB109A0-41C3-49A6-93D6-A895FD1109E6}
		{DAB109A0-41C3-49A6-93D6-A895FD1109E7} = {DAB109A0-41C3-49A6-93D6-A895FD1109E7}
	EndProjectSection
EndProject
Project("{8BC9CEB8-8B4A-11D0-8D11-00A0C91BC942}") = "areastat", "..\areastat\make\areastat.8.vcproj", "{E1190407-2246-4B4B-A2F9-B2E20DE1F0F4}"
	ProjectSection(ProjectDependencies) = postProject
		{DAB109A0-41C3-49A6-93D6-A895FD1109E5} = {DAB109A0-41C3-49A6-93D6-A895FD1109E5}
		{DAB109A0-41C3-49A6-93D6-A895FD1109E6} = {DAB109A0-41C3-49A6-93D6-A895FD1109E6}
		{DAB109A0-41C3-49A6-93D6-A895FD1109E7} = {DAB109A0-41C3-49A6-93D6-A895FD1109E7}
	EndProjectSection
EndProject
Project("{8BC9CEB8-8B4A-11D0-8D11-00A0C91BC942}") = "FidoconfDll", "..\fidoconf\make\FidoconfDll.8.vcproj", "{DAB109A0-41C3-49A6-93D6-A895FD1109E7}"
	ProjectSection(ProjectDependencies) = postProject
		{DAB109A0-41C3-49A6-93D6-A895FD1109E5} = {DAB109A0-41C3-49A6-93D6-A895FD1109E5}
	EndProjectSection
EndProject
Project("{8BC9CEB8-8B4A-11D0-8D11-00A0C91BC942}") = "tparser", "..\fidoconf\make\tparser.8.vcproj", "{18B5038B-9EF7-45B7-853B-612F589EE448}"
	ProjectSection(ProjectDependencies) = postProject
		{DAB109A0-41C3-49A6-93D6-A895FD1109E5} = {DAB109A0-41C3-49A6-93D6-A895FD1109E5}
		{DAB109A0-41C3-49A6-93D6-A895FD1109E6} = {DAB109A0-41C3-49A6-93D6-A895FD1109E6}
		{DAB109A0-41C3-49A6-93D6-A895FD1109E7} = {DAB109A0-41C3-49A6-93D6-A895FD1109E7}
	EndProjectSection
EndProject
Project("{8BC9CEB8-8B4A-11D0-8D11-00A0C91BC942}") = "hpt", "..\hpt\make\hpt.8.vcproj", "{18B5038B-9EF7-45B7-853B-612F589EE448}"
	ProjectSection(ProjectDependencies) = postProject
		{DAB109A0-41C3-49A6-93D6-A895FD1109E6} = {DAB109A0-41C3-49A6-93D6-A895FD1109E6}
		{DAB109A0-41C3-49A6-93D6-A895FD1109E7} = {DAB109A0-41C3-49A6-93D6-A895FD1109E7}
		{DAB109A0-41C3-49A6-93D6-A895FD1109F9} = {DAB109A0-41C3-49A6-93D6-A895FD1109F9}
	EndProjectSection
EndProject
Project("{8BC9CEB8-8B4A-11D0-8D11-00A0C91BC942}") = "hptz", "..\hpt\make\hptz.8.vcproj", "{18B5038B-9EF7-45B7-853B-612F589EE448}"
	ProjectSection(ProjectDependencies) = postProject
		{DAB109A0-41C3-49A6-93D6-A895FD1109E5} = {DAB109A0-41C3-49A6-93D6-A895FD1109E5}
		{DAB109A0-41C3-49A6-93D6-A895FD1109E7} = {DAB109A0-41C3-49A6-93D6-A895FD1109E7}
		{DAB109A0-41C3-49A6-93D6-A895FD1109E9} = {DAB109A0-41C3-49A6-93D6-A895FD1109E9}
		{DAB109A0-41C3-49A6-93D6-A895FD1109F9} = {DAB109A0-41C3-49A6-93D6-A895FD1109F9}
	EndProjectSection
EndProject
Project("{8BC9CEB8-8B4A-11D0-8D11-00A0C91BC942}") = "txt2pkt", "..\hpt\make\txt2pkt.8.vcproj", "{18B5038B-9EF7-45B7-853B-612F589EE448}"
	ProjectSection(ProjectDependencies) = postProject
		{DAB109A0-41C3-49A6-93D6-A895FD1109E5} = {DAB109A0-41C3-49A6-93D6-A895FD1109E5}
		{DAB109A0-41C3-49A6-93D6-A895FD1109E6} = {DAB109A0-41C3-49A6-93D6-A895FD1109E6}
		{DAB109A0-41C3-49A6-93D6-A895FD1109E7} = {DAB109A0-41C3-49A6-93D6-A895FD1109E7}
	EndProjectSection
EndProject
Project("{8BC9CEB8-8B4A-11D0-8D11-00A0C91BC942}") = "hptkill", "..\hptkill\make\hptkill.8.vcproj", "{E1190407-2246-4B4B-A2F9-B2E20DE1F0D4}"
	ProjectSection(ProjectDependencies) = postProject
		{DAB109A0-41C3-49A6-93D6-A895FD1109E5} = {DAB109A0-41C3-49A6-93D6-A895FD1109E5}
		{DAB109A0-41C3-49A6-93D6-A895FD1109E7} = {DAB109A0-41C3-49A6-93D6-A895FD1109E7}
	EndProjectSection
EndProject
Project("{8BC9CEB8-8B4A-11D0-8D11-00A0C91BC942}") = "HptzipDll", "..\hptzip\make\hptzipDll.8.vcproj", "{DAB109A0-41C3-49A6-93D6-A895FD1109E9}"
	ProjectSection(ProjectDependencies) = postProject
	EndProjectSection
EndProject
Project("{8BC9CEB8-8B4A-11D0-8D11-00A0C91BC942}") = "hpucode", "..\hpucode\make\hpucode.8.vcproj", "{E1190407-2246-4B4B-A2F9-B2E20DE1F0D6}"
	ProjectSection(ProjectDependencies) = postProject
		{DAB109A0-41C3-49A6-93D6-A895FD1109E5} = {DAB109A0-41C3-49A6-93D6-A895FD1109E5}
		{DAB109A0-41C3-49A6-93D6-A895FD1109E6} = {DAB109A0-41C3-49A6-93D6-A895FD1109E6}
		{DAB109A0-41C3-49A6-93D6-A895FD1109E7} = {DAB109A0-41C3-49A6-93D6-A895FD1109E7}
	EndProjectSection
EndProject
Project("{8BC9CEB8-8B4A-11D0-8D11-00A0C91BC942}") = "htick", "..\htick\htick.8.vcproj", "{13D2CCA9-2259-4D15-B58F-1A0ABA40B653}"
	ProjectSection(ProjectDependencies) = postProject
		{DAB109A0-41C3-49A6-93D6-A895FD1109E5} = {DAB109A0-41C3-49A6-93D6-A895FD1109E5}
		{DAB109A0-41C3-49A6-93D6-A895FD1109E7} = {DAB109A0-41C3-49A6-93D6-A895FD1109E7}
		{DAB109A0-41C3-49A6-93D6-A895FD1109F9} = {DAB109A0-41C3-49A6-93D6-A895FD1109F9}
	EndProjectSection
EndProject
Project("{8BC9CEB8-8B4A-11D0-8D11-00A0C91BC942}") = "htickz", "..\htick\htickWithZlib.8.vcproj", "{13D2CCA9-2259-4D15-B58F-1A0ABA40B654}"
	ProjectSection(ProjectDependencies) = postProject
		{DAB109A0-41C3-49A6-93D6-A895FD1109E5} = {DAB109A0-41C3-49A6-93D6-A895FD1109E5}
		{DAB109A0-41C3-49A6-93D6-A895FD1109E6} = {DAB109A0-41C3-49A6-93D6-A895FD1109E6}
		{DAB109A0-41C3-49A6-93D6-A895FD1109E7} = {DAB109A0-41C3-49A6-93D6-A895FD1109E7}
		{DAB109A0-41C3-49A6-93D6-A895FD1109E9} = {DAB109A0-41C3-49A6-93D6-A895FD1109E9}
		{DAB109A0-41C3-49A6-93D6-A895FD1109F9} = {DAB109A0-41C3-49A6-93D6-A895FD1109F9}
	EndProjectSection
EndProject
Project("{8BC9CEB8-8B4A-11D0-8D11-00A0C91BC942}") = "HuskylibDll", "..\huskylib\make\HuskylibDll.8.vcproj", "{DAB109A0-41C3-49A6-93D6-A895FD1109E5}"
	ProjectSection(ProjectDependencies) = postProject
	EndProjectSection
EndProject
Project("{8BC9CEB8-8B4A-11D0-8D11-00A0C91BC942}") = "nlupdate", "..\nltools\make\nlupdate.8.vcproj", "{18B5038B-9EF7-45B7-853B-612F589EE448}"
	ProjectSection(ProjectDependencies) = postProject
		{DAB109A0-41C3-49A6-93D6-A895FD1109E5} = {DAB109A0-41C3-49A6-93D6-A895FD1109E5}
		{DAB109A0-41C3-49A6-93D6-A895FD1109E7} = {DAB109A0-41C3-49A6-93D6-A895FD1109E7}
		{DAB109A0-41C3-49A6-93D6-A895FD1109E9} = {DAB109A0-41C3-49A6-93D6-A895FD1109E9}
	EndProjectSection
EndProject
Project("{8BC9CEB8-8B4A-11D0-8D11-00A0C91BC942}") = "SmapiDll", "..\smapi\make\SmapiDll.8.vcproj", "{DAB109A0-41C3-49A6-93D6-A895FD1109E6}"
	ProjectSection(ProjectDependencies) = postProject
	EndProjectSection
EndProject
Project("{8BC9CEB8-8B4A-11D0-8D11-00A0C91BC942}") = "sqpack", "..\sqpack\sqpack.8.vcproj", "{E1190407-2246-4B4B-A2F9-B2E20DE1F0D5}"
	ProjectSection(ProjectDependencies) = postProject
		{DAB109A0-41C3-49A6-93D6-A895FD1109E5} = {DAB109A0-41C3-49A6-93D6-A895FD1109E5}
		{DAB109A0-41C3-49A6-93D6-A895FD1109E6} = {DAB109A0-41C3-49A6-93D6-A895FD1109E6}
		{DAB109A0-41C3-49A6-93D6-A895FD1109E7} = {DAB109A0-41C3-49A6-93D6-A895FD1109E7}
	EndProjectSection
EndProject
Project("{8BC9CEB8-8B4A-11D0-8D11-00A0C91BC942}") = "linked", "..\fidoconf\make\linked.8.vcproj", "{18B5038B-9EF7-45B7-853B-612F589EE448}"
	ProjectSection(ProjectDependencies) = postProject
		{DAB109A0-41C3-49A6-93D6-A895FD1109E5} = {DAB109A0-41C3-49A6-93D6-A895FD1109E5}
		{DAB109A0-41C3-49A6-93D6-A895FD1109E7} = {DAB109A0-41C3-49A6-93D6-A895FD1109E7}
	EndProjectSection
EndProject
Project("{8BC9CEB8-8B4A-11D0-8D11-00A0C91BC942}") = "nldiff", "..\nltools\make\nldiff.8.vcproj", "{18B5038B-9EF7-45B7-853B-612F589EE448}"
	ProjectSection(ProjectDependencies) = postProject
		{DAB109A0-41C3-49A6-93D6-A895FD1109E5} = {DAB109A0-41C3-49A6-93D6-A895FD1109E5}
		{DAB109A0-41C3-49A6-93D6-A895FD1109E7} = {DAB109A0-41C3-49A6-93D6-A895FD1109E7}
	EndProjectSection
EndProject
Project("{8BC9CEB8-8B4A-11D0-8D11-00A0C91BC942}") = "hptlink", "..\hpt\make\hptlink.8.vcproj", "{18B5038B-9EF7-45B7-853B-612F589EE458}"
	ProjectSection(ProjectDependencies) = postProject
		{DAB109A0-41C3-49A6-93D6-A895FD1109E5} = {DAB109A0-41C3-49A6-93D6-A895FD1109E5}
		{DAB109A0-41C3-49A6-93D6-A895FD1109E6} = {DAB109A0-41C3-49A6-93D6-A895FD1109E6}
		{DAB109A0-41C3-49A6-93D6-A895FD1109E7} = {DAB109A0-41C3-49A6-93D6-A895FD1109E7}
	EndProjectSection
EndProject
Global
	GlobalSection(SolutionConfiguration) = preSolution
		Debug = Debug
		Release = Release
	EndGlobalSection
	GlobalSection(ProjectConfiguration) = postSolution
		{DAB109A0-41C3-49A6-93D6-A895FD1109F9}.Debug.ActiveCfg = Debug|Win32
		{DAB109A0-41C3-49A6-93D6-A895FD1109F9}.Debug.Build.0 = Debug|Win32
		{DAB109A0-41C3-49A6-93D6-A895FD1109F9}.Release.ActiveCfg = Release|Win32
		{DAB109A0-41C3-49A6-93D6-A895FD1109F9}.Release.Build.0 = Release|Win32
		{E1190407-2246-4B4B-A2F9-B2E20DE1F0F4}.Debug.ActiveCfg = Debug|Win32
		{E1190407-2246-4B4B-A2F9-B2E20DE1F0F4}.Debug.Build.0 = Debug|Win32
		{E1190407-2246-4B4B-A2F9-B2E20DE1F0F4}.Release.ActiveCfg = Release|Win32
		{E1190407-2246-4B4B-A2F9-B2E20DE1F0F4}.Release.Build.0 = Release|Win32
		{DAB109A0-41C3-49A6-93D6-A895FD1109E7}.Debug.ActiveCfg = Debug|Win32
		{DAB109A0-41C3-49A6-93D6-A895FD1109E7}.Debug.Build.0 = Debug|Win32
		{DAB109A0-41C3-49A6-93D6-A895FD1109E7}.Release.ActiveCfg = Release|Win32
		{DAB109A0-41C3-49A6-93D6-A895FD1109E7}.Release.Build.0 = Release|Win32
		{18B5038B-9EF7-45B7-853B-612F589EE448}.Debug.ActiveCfg = Debug|Win32
		{18B5038B-9EF7-45B7-853B-612F589EE448}.Debug.Build.0 = Debug|Win32
		{18B5038B-9EF7-45B7-853B-612F589EE448}.Release.ActiveCfg = Release|Win32
		{18B5038B-9EF7-45B7-853B-612F589EE448}.Release.Build.0 = Release|Win32
		{18B5038B-9EF7-45B7-853B-612F589EE448}.Debug.ActiveCfg = Debug|Win32
		{18B5038B-9EF7-45B7-853B-612F589EE448}.Debug.Build.0 = Debug|Win32
		{18B5038B-9EF7-45B7-853B-612F589EE448}.Release.ActiveCfg = Release|Win32
		{18B5038B-9EF7-45B7-853B-612F589EE448}.Release.Build.0 = Release|Win32
		{18B5038B-9EF7-45B7-853B-612F589EE448}.Debug.ActiveCfg = Debug|Win32
		{18B5038B-9EF7-45B7-853B-612F589EE448}.Debug.Build.0 = Debug|Win32
		{18B5038B-9EF7-45B7-853B-612F589EE448}.Release.ActiveCfg = Release|Win32
		{18B5038B-9EF7-45B7-853B-612F589EE448}.Release.Build.0 = Release|Win32
		{18B5038B-9EF7-45B7-853B-612F589EE448}.Debug.ActiveCfg = Debug|Win32
		{18B5038B-9EF7-45B7-853B-612F589EE448}.Debug.Build.0 = Debug|Win32
		{18B5038B-9EF7-45B7-853B-612F589EE448}.Release.ActiveCfg = Release|Win32
		{18B5038B-9EF7-45B7-853B-612F589EE448}.Release.Build.0 = Release|Win32
		{E1190407-2246-4B4B-A2F9-B2E20DE1F0D4}.Debug.ActiveCfg = Debug|Win32
		{E1190407-2246-4B4B-A2F9-B2E20DE1F0D4}.Debug.Build.0 = Debug|Win32
		{E1190407-2246-4B4B-A2F9-B2E20DE1F0D4}.Release.ActiveCfg = Release|Win32
		{E1190407-2246-4B4B-A2F9-B2E20DE1F0D4}.Release.Build.0 = Release|Win32
		{DAB109A0-41C3-49A6-93D6-A895FD1109E9}.Debug.ActiveCfg = Debug|Win32
		{DAB109A0-41C3-49A6-93D6-A895FD1109E9}.Debug.Build.0 = Debug|Win32
		{DAB109A0-41C3-49A6-93D6-A895FD1109E9}.Release.ActiveCfg = Release|Win32
		{DAB109A0-41C3-49A6-93D6-A895FD1109E9}.Release.Build.0 = Release|Win32
		{E1190407-2246-4B4B-A2F9-B2E20DE1F0D6}.Debug.ActiveCfg = Debug|Win32
		{E1190407-2246-4B4B-A2F9-B2E20DE1F0D6}.Debug.Build.0 = Debug|Win32
		{E1190407-2246-4B4B-A2F9-B2E20DE1F0D6}.Release.ActiveCfg = Release|Win32
		{E1190407-2246-4B4B-A2F9-B2E20DE1F0D6}.Release.Build.0 = Release|Win32
		{13D2CCA9-2259-4D15-B58F-1A0ABA40B653}.Debug.ActiveCfg = Debug|Win32
		{13D2CCA9-2259-4D15-B58F-1A0ABA40B653}.Debug.Build.0 = Debug|Win32
		{13D2CCA9-2259-4D15-B58F-1A0ABA40B653}.Release.ActiveCfg = Release|Win32
		{13D2CCA9-2259-4D15-B58F-1A0ABA40B653}.Release.Build.0 = Release|Win32
		{13D2CCA9-2259-4D15-B58F-1A0ABA40B654}.Debug.ActiveCfg = Debug|Win32
		{13D2CCA9-2259-4D15-B58F-1A0ABA40B654}.Debug.Build.0 = Debug|Win32
		{13D2CCA9-2259-4D15-B58F-1A0ABA40B654}.Release.ActiveCfg = Release|Win32
		{13D2CCA9-2259-4D15-B58F-1A0ABA40B654}.Release.Build.0 = Release|Win32
		{DAB109A0-41C3-49A6-93D6-A895FD1109E5}.Debug.ActiveCfg = Debug|Win32
		{DAB109A0-41C3-49A6-93D6-A895FD1109E5}.Debug.Build.0 = Debug|Win32
		{DAB109A0-41C3-49A6-93D6-A895FD1109E5}.Release.ActiveCfg = Release|Win32
		{DAB109A0-41C3-49A6-93D6-A895FD1109E5}.Release.Build.0 = Release|Win32
		{18B5038B-9EF7-45B7-853B-612F589EE448}.Debug.ActiveCfg = Debug|Win32
		{18B5038B-9EF7-45B7-853B-612F589EE448}.Debug.Build.0 = Debug|Win32
		{18B5038B-9EF7-45B7-853B-612F589EE448}.Release.ActiveCfg = Release|Win32
		{18B5038B-9EF7-45B7-853B-612F589EE448}.Release.Build.0 = Release|Win32
		{DAB109A0-41C3-49A6-93D6-A895FD1109E6}.Debug.ActiveCfg = Debug|Win32
		{DAB109A0-41C3-49A6-93D6-A895FD1109E6}.Debug.Build.0 = Debug|Win32
		{DAB109A0-41C3-49A6-93D6-A895FD1109E6}.Release.ActiveCfg = Release|Win32
		{DAB109A0-41C3-49A6-93D6-A895FD1109E6}.Release.Build.0 = Release|Win32
		{E1190407-2246-4B4B-A2F9-B2E20DE1F0D5}.Debug.ActiveCfg = Debug|Win32
		{E1190407-2246-4B4B-A2F9-B2E20DE1F0D5}.Debug.Build.0 = Debug|Win32
		{E1190407-2246-4B4B-A2F9-B2E20DE1F0D5}.Release.ActiveCfg = Release|Win32
		{E1190407-2246-4B4B-A2F9-B2E20DE1F0D5}.Release.Build.0 = Release|Win32
		{18B5038B-9EF7-45B7-853B-612F589EE448}.Debug.ActiveCfg = Debug|Win32
		{18B5038B-9EF7-45B7-853B-612F589EE448}.Debug.Build.0 = Debug|Win32
		{18B5038B-9EF7-45B7-853B-612F589EE448}.Release.ActiveCfg = Release|Win32
		{18B5038B-9EF7-45B7-853B-612F589EE448}.Release.Build.0 = Release|Win32
		{18B5038B-9EF7-45B7-853B-612F589EE448}.Debug.ActiveCfg = Debug|Win32
		{18B5038B-9EF7-45B7-853B-612F589EE448}.Debug.Build.0 = Debug|Win32
		{18B5038B-9EF7-45B7-853B-612F589EE448}.Release.ActiveCfg = Release|Win32
		{18B5038B-9EF7-45B7-853B-612F589EE448}.Release.Build.0 = Release|Win32
		{18B5038B-9EF7-45B7-853B-612F589EE458}.Debug.ActiveCfg = Debug|Win32
		{18B5038B-9EF7-45B7-853B-612F589EE458}.Debug.Build.0 = Debug|Win32
		{18B5038B-9EF7-45B7-853B-612F589EE458}.Release.ActiveCfg = Release|Win32
		{18B5038B-9EF7-45B7-853B-612F589EE458}.Release.Build.0 = Release|Win32
	EndGlobalSection
	GlobalSection(ExtensibilityGlobals) = postSolution
	EndGlobalSection
	GlobalSection(ExtensibilityAddIns) = postSolution
	EndGlobalSection
EndGlobal
